{
  "name": "Notion's widget",
  "lockfileVersion": 3,
  "requires": true,
  "packages": {
    "": {
      "name": "Notion's widget",
      "dependencies": {
        "dotenv": "^16.4.7",
        "require": "^0.4.4"
      }
    },
    "node_modules/dotenv": {
      "version": "16.4.7",
      "resolved": "https://registry.npmjs.org/dotenv/-/dotenv-16.4.7.tgz",
      "integrity": "sha512-47qPchRCykZC03FhkYAhrvwU4xDBFIj1QPqaarj6mdM/hgUzfPHcpkHJOn3mJAufFeeAxAzeGsr5X0M4k6fLZQ==",
      "license": "BSD-2-Clause",
      "engines": {
        "node": ">=12"
      },
      "funding": {
        "url": "https://dotenvx.com"
      }
    },
    "node_modules/require": {
      "version": "0.4.4",
      "resolved": "https://registry.npmjs.org/require/-/require-0.4.4.tgz",
      "integrity": "sha512-aCu6DCnZpKufLPwcXvXVf7rv9gXFojNBQvp/anIBIhTn8XLREnI/WTC4T4WPz4MYKFrRrJ1ocA76pMuH+laaMA==",
      "bin": {
        "require": "bin/require-command.js"
      },
      "engines": {
        "browsers": "*",
        "node": "*"
      }
    }
  }
}
